
Microsoft Visual Studio Solution File, Format Version 12.00
# Visual Studio Version 17
VisualStudioVersion = 17.14.36414.22 d17.14
MinimumVisualStudioVersion = 10.0.40219.1
Project("{FAE04EC0-301F-11D3-BF4B-00C04F79EFBC}") = "restaurant", "restaurant\restaurant.csproj", "{8C568B2B-EC84-4F81-ABBC-158FF65665AF}"
EndProject
Global
	GlobalSection(SolutionConfigurationPlatforms) = preSolution
		Debug|Any CPU = Debug|Any CPU
		Release|Any CPU = Release|Any CPU
	EndGlobalSection
	GlobalSection(ProjectConfigurationPlatforms) = postSolution
		{8C568B2B-EC84-4F81-ABBC-158FF65665AF}.Debug|Any CPU.ActiveCfg = Debug|Any CPU
		{8C568B2B-EC84-4F81-ABBC-158FF65665AF}.Debug|Any CPU.Build.0 = Debug|Any CPU
		{8C568B2B-EC84-4F81-ABBC-158FF65665AF}.Release|Any CPU.ActiveCfg = Release|Any CPU
		{8C568B2B-EC84-4F81-ABBC-158FF65665AF}.Release|Any CPU.Build.0 = Release|Any CPU
	EndGlobalSection
	GlobalSection(SolutionProperties) = preSolution
		HideSolutionNode = FALSE
	EndGlobalSection
	GlobalSection(ExtensibilityGlobals) = postSolution
		SolutionGuid = {569ED9F7-F002-4CF0-B162-BB019947C79C}
	EndGlobalSection
EndGlobal
